// !$*UTF8*$!
{
	archiveVersion = 1;
	classes = {
	};
	objectVersion = 56;
	objects = {

/* Begin PBXBuildFile section */
		B5B12CE729DBF90400AB80E2 /* AppDelegate.swift in Sources */ = {isa = PBXBuildFile; fileRef = B5B12CE629DBF90400AB80E2 /* AppDelegate.swift */; };
		B5B12CE929DBF90400AB80E2 /* ViewController.swift in Sources */ = {isa = PBXBuildFile; fileRef = B5B12CE829DBF90400AB80E2 /* ViewController.swift */; };
		B5B12CEB29DBF90600AB80E2 /* Assets.xcassets in Resources */ = {isa = PBXBuildFile; fileRef = B5B12CEA29DBF90600AB80E2 /* Assets.xcassets */; };
		B5B12CF929DBF90600AB80E2 /* CryptoMockDesignV1Tests.swift in Sources */ = {isa = PBXBuildFile; fileRef = B5B12CF829DBF90600AB80E2 /* CryptoMockDesignV1Tests.swift */; };
		B5B12D0329DBF90600AB80E2 /* CryptoMockDesignV1UITests.swift in Sources */ = {isa = PBXBuildFile; fileRef = B5B12D0229DBF90600AB80E2 /* CryptoMockDesignV1UITests.swift */; };
		B5B12D0529DBF90600AB80E2 /* CryptoMockDesignV1UITestsLaunchTests.swift in Sources */ = {isa = PBXBuildFile; fileRef = B5B12D0429DBF90600AB80E2 /* CryptoMockDesignV1UITestsLaunchTests.swift */; };
		B5B12D1229DBFD1400AB80E2 /* main.swift in Sources */ = {isa = PBXBuildFile; fileRef = B5B12D1129DBFD1400AB80E2 /* main.swift */; };
		B5B12D1429DBFD5600AB80E2 /* HomeWindow.swift in Sources */ = {isa = PBXBuildFile; fileRef = B5B12D1329DBFD5600AB80E2 /* HomeWindow.swift */; };
		B5B12D1629DC08C300AB80E2 /* CustomToolBar.swift in Sources */ = {isa = PBXBuildFile; fileRef = B5B12D1529DC08C300AB80E2 /* CustomToolBar.swift */; };
		B5B12D1B29DC486400AB80E2 /* SideBarViewController.swift in Sources */ = {isa = PBXBuildFile; fileRef = B5B12D1A29DC486400AB80E2 /* SideBarViewController.swift */; };
		B5B12D1D29DC487B00AB80E2 /* ContentViewController.swift in Sources */ = {isa = PBXBuildFile; fileRef = B5B12D1C29DC487B00AB80E2 /* ContentViewController.swift */; };
		B5B12D1F29DC489B00AB80E2 /* RightSideBarViewController.swift in Sources */ = {isa = PBXBuildFile; fileRef = B5B12D1E29DC489B00AB80E2 /* RightSideBarViewController.swift */; };
		B5B12D2129DC544B00AB80E2 /* MainViewController.swift in Sources */ = {isa = PBXBuildFile; fileRef = B5B12D2029DC544B00AB80E2 /* MainViewController.swift */; };
/* End PBXBuildFile section */

/* Begin PBXContainerItemProxy section */
		B5B12CF529DBF90600AB80E2 /* PBXContainerItemProxy */ = {
			isa = PBXContainerItemProxy;
			containerPortal = B5B12CDB29DBF90400AB80E2 /* Project object */;
			proxyType = 1;
			remoteGlobalIDString = B5B12CE229DBF90400AB80E2;
			remoteInfo = CryptoMockDesignV1;
		};
		B5B12CFF29DBF90600AB80E2 /* PBXContainerItemProxy */ = {
			isa = PBXContainerItemProxy;
			containerPortal = B5B12CDB29DBF90400AB80E2 /* Project object */;
			proxyType = 1;
			remoteGlobalIDString = B5B12CE229DBF90400AB80E2;
			remoteInfo = CryptoMockDesignV1;
		};
/* End PBXContainerItemProxy section */

/* Begin PBXFileReference section */
		B5B12CE329DBF90400AB80E2 /* CryptoMockDesignV1.app */ = {isa = PBXFileReference; explicitFileType = wrapper.application; includeInIndex = 0; path = CryptoMockDesignV1.app; sourceTree = BUILT_PRODUCTS_DIR; };
		B5B12CE629DBF90400AB80E2 /* AppDelegate.swift */ = {isa = PBXFileReference; lastKnownFileType = sourcecode.swift; path = AppDelegate.swift; sourceTree = "<group>"; };
		B5B12CE829DBF90400AB80E2 /* ViewController.swift */ = {isa = PBXFileReference; lastKnownFileType = sourcecode.swift; path = ViewController.swift; sourceTree = "<group>"; };
		B5B12CEA29DBF90600AB80E2 /* Assets.xcassets */ = {isa = PBXFileReference; lastKnownFileType = folder.assetcatalog; path = Assets.xcassets; sourceTree = "<group>"; };
		B5B12CEF29DBF90600AB80E2 /* CryptoMockDesignV1.entitlements */ = {isa = PBXFileReference; lastKnownFileType = text.plist.entitlements; path = CryptoMockDesignV1.entitlements; sourceTree = "<group>"; };
		B5B12CF429DBF90600AB80E2 /* CryptoMockDesignV1Tests.xctest */ = {isa = PBXFileReference; explicitFileType = wrapper.cfbundle; includeInIndex = 0; path = CryptoMockDesignV1Tests.xctest; sourceTree = BUILT_PRODUCTS_DIR; };
		B5B12CF829DBF90600AB80E2 /* CryptoMockDesignV1Tests.swift */ = {isa = PBXFileReference; lastKnownFileType = sourcecode.swift; path = CryptoMockDesignV1Tests.swift; sourceTree = "<group>"; };
		B5B12CFE29DBF90600AB80E2 /* CryptoMockDesignV1UITests.xctest */ = {isa = PBXFileReference; explicitFileType = wrapper.cfbundle; includeInIndex = 0; path = CryptoMockDesignV1UITests.xctest; sourceTree = BUILT_PRODUCTS_DIR; };
		B5B12D0229DBF90600AB80E2 /* CryptoMockDesignV1UITests.swift */ = {isa = PBXFileReference; lastKnownFileType = sourcecode.swift; path = CryptoMockDesignV1UITests.swift; sourceTree = "<group>"; };
		B5B12D0429DBF90600AB80E2 /* CryptoMockDesignV1UITestsLaunchTests.swift */ = {isa = PBXFileReference; lastKnownFileType = sourcecode.swift; path = CryptoMockDesignV1UITestsLaunchTests.swift; sourceTree = "<group>"; };
		B5B12D1129DBFD1400AB80E2 /* main.swift */ = {isa = PBXFileReference; lastKnownFileType = sourcecode.swift; path = main.swift; sourceTree = "<group>"; };
		B5B12D1329DBFD5600AB80E2 /* HomeWindow.swift */ = {isa = PBXFileReference; lastKnownFileType = sourcecode.swift; path = HomeWindow.swift; sourceTree = "<group>"; };
		B5B12D1529DC08C300AB80E2 /* CustomToolBar.swift */ = {isa = PBXFileReference; lastKnownFileType = sourcecode.swift; path = CustomToolBar.swift; sourceTree = "<group>"; };
		B5B12D1A29DC486400AB80E2 /* SideBarViewController.swift */ = {isa = PBXFileReference; lastKnownFileType = sourcecode.swift; path = SideBarViewController.swift; sourceTree = "<group>"; };
		B5B12D1C29DC487B00AB80E2 /* ContentViewController.swift */ = {isa = PBXFileReference; lastKnownFileType = sourcecode.swift; path = ContentViewController.swift; sourceTree = "<group>"; };
		B5B12D1E29DC489B00AB80E2 /* RightSideBarViewController.swift */ = {isa = PBXFileReference; lastKnownFileType = sourcecode.swift; path = RightSideBarViewController.swift; sourceTree = "<group>"; };
		B5B12D2029DC544B00AB80E2 /* MainViewController.swift */ = {isa = PBXFileReference; lastKnownFileType = sourcecode.swift; path = MainViewController.swift; sourceTree = "<group>"; };
/* End PBXFileReference section */

/* Begin PBXFrameworksBuildPhase section */
		B5B12CE029DBF90400AB80E2 /* Frameworks */ = {
			isa = PBXFrameworksBuildPhase;
			buildActionMask = 2147483647;
			files = (
			);
			runOnlyForDeploymentPostprocessing = 0;
		};
		B5B12CF129DBF90600AB80E2 /* Frameworks */ = {
			isa = PBXFrameworksBuildPhase;
			buildActionMask = 2147483647;
			files = (
			);
			runOnlyForDeploymentPostprocessing = 0;
		};
		B5B12CFB29DBF90600AB80E2 /* Frameworks */ = {
			isa = PBXFrameworksBuildPhase;
			buildActionMask = 2147483647;
			files = (
			);
			runOnlyForDeploymentPostprocessing = 0;
		};
/* End PBXFrameworksBuildPhase section */

/* Begin PBXGroup section */
		B5B12CDA29DBF90400AB80E2 = {
			isa = PBXGroup;
			children = (
				B5B12CE529DBF90400AB80E2 /* CryptoMockDesignV1 */,
				B5B12CF729DBF90600AB80E2 /* CryptoMockDesignV1Tests */,
				B5B12D0129DBF90600AB80E2 /* CryptoMockDesignV1UITests */,
				B5B12CE429DBF90400AB80E2 /* Products */,
			);
			sourceTree = "<group>";
		};
		B5B12CE429DBF90400AB80E2 /* Products */ = {
			isa = PBXGroup;
			children = (
				B5B12CE329DBF90400AB80E2 /* CryptoMockDesignV1.app */,
				B5B12CF429DBF90600AB80E2 /* CryptoMockDesignV1Tests.xctest */,
				B5B12CFE29DBF90600AB80E2 /* CryptoMockDesignV1UITests.xctest */,
			);
			name = Products;
			sourceTree = "<group>";
		};
		B5B12CE529DBF90400AB80E2 /* CryptoMockDesignV1 */ = {
			isa = PBXGroup;
			children = (
				B5B12D1729DC2A2F00AB80E2 /* Utilities */,
				B5B12CE629DBF90400AB80E2 /* AppDelegate.swift */,
				B5B12CE829DBF90400AB80E2 /* ViewController.swift */,
				B5B12CEA29DBF90600AB80E2 /* Assets.xcassets */,
				B5B12CEF29DBF90600AB80E2 /* CryptoMockDesignV1.entitlements */,
				B5B12D1129DBFD1400AB80E2 /* main.swift */,
				B5B12D1329DBFD5600AB80E2 /* HomeWindow.swift */,
				B5B12D1529DC08C300AB80E2 /* CustomToolBar.swift */,
				B5B12D1A29DC486400AB80E2 /* SideBarViewController.swift */,
				B5B12D1C29DC487B00AB80E2 /* ContentViewController.swift */,
				B5B12D1E29DC489B00AB80E2 /* RightSideBarViewController.swift */,
				B5B12D2029DC544B00AB80E2 /* MainViewController.swift */,
			);
			path = CryptoMockDesignV1;
			sourceTree = "<group>";
		};
		B5B12CF729DBF90600AB80E2 /* CryptoMockDesignV1Tests */ = {
			isa = PBXGroup;
			children = (
				B5B12CF829DBF90600AB80E2 /* CryptoMockDesignV1Tests.swift */,
			);
			path = CryptoMockDesignV1Tests;
			sourceTree = "<group>";
		};
		B5B12D0129DBF90600AB80E2 /* CryptoMockDesignV1UITests */ = {
			isa = PBXGroup;
			children = (
				B5B12D0229DBF90600AB80E2 /* CryptoMockDesignV1UITests.swift */,
				B5B12D0429DBF90600AB80E2 /* CryptoMockDesignV1UITestsLaunchTests.swift */,
			);
			path = CryptoMockDesignV1UITests;
			sourceTree = "<group>";
		};
		B5B12D1729DC2A2F00AB80E2 /* Utilities */ = {
			isa = PBXGroup;
			children = (
			);
			path = Utilities;
			sourceTree = "<group>";
		};
/* End PBXGroup section */

/* Begin PBXNativeTarget section */
		B5B12CE229DBF90400AB80E2 /* CryptoMockDesignV1 */ = {
			isa = PBXNativeTarget;
			buildConfigurationList = B5B12D0829DBF90600AB80E2 /* Build configuration list for PBXNativeTarget "CryptoMockDesignV1" */;
			buildPhases = (
				B5B12CDF29DBF90400AB80E2 /* Sources */,
				B5B12CE029DBF90400AB80E2 /* Frameworks */,
				B5B12CE129DBF90400AB80E2 /* Resources */,
			);
			buildRules = (
			);
			dependencies = (
			);
			name = CryptoMockDesignV1;
			productName = CryptoMockDesignV1;
			productReference = B5B12CE329DBF90400AB80E2 /* CryptoMockDesignV1.app */;
			productType = "com.apple.product-type.application";
		};
		B5B12CF329DBF90600AB80E2 /* CryptoMockDesignV1Tests */ = {
			isa = PBXNativeTarget;
			buildConfigurationList = B5B12D0B29DBF90600AB80E2 /* Build configuration list for PBXNativeTarget "CryptoMockDesignV1Tests" */;
			buildPhases = (
				B5B12CF029DBF90600AB80E2 /* Sources */,
				B5B12CF129DBF90600AB80E2 /* Frameworks */,
				B5B12CF229DBF90600AB80E2 /* Resources */,
			);
			buildRules = (
			);
			dependencies = (
				B5B12CF629DBF90600AB80E2 /* PBXTargetDependency */,
			);
			name = CryptoMockDesignV1Tests;
			productName = CryptoMockDesignV1Tests;
			productReference = B5B12CF429DBF90600AB80E2 /* CryptoMockDesignV1Tests.xctest */;
			productType = "com.apple.product-type.bundle.unit-test";
		};
		B5B12CFD29DBF90600AB80E2 /* CryptoMockDesignV1UITests */ = {
			isa = PBXNativeTarget;
			buildConfigurationList = B5B12D0E29DBF90600AB80E2 /* Build configuration list for PBXNativeTarget "CryptoMockDesignV1UITests" */;
			buildPhases = (
				B5B12CFA29DBF90600AB80E2 /* Sources */,
				B5B12CFB29DBF90600AB80E2 /* Frameworks */,
				B5B12CFC29DBF90600AB80E2 /* Resources */,
			);
			buildRules = (
			);
			dependencies = (
				B5B12D0029DBF90600AB80E2 /* PBXTargetDependency */,
			);
			name = CryptoMockDesignV1UITests;
			productName = CryptoMockDesignV1UITests;
			productReference = B5B12CFE29DBF90600AB80E2 /* CryptoMockDesignV1UITests.xctest */;
			productType = "com.apple.product-type.bundle.ui-testing";
		};
/* End PBXNativeTarget section */

/* Begin PBXProject section */
		B5B12CDB29DBF90400AB80E2 /* Project object */ = {
			isa = PBXProject;
			attributes = {
				BuildIndependentTargetsInParallel = 1;
				LastSwiftUpdateCheck = 1420;
				LastUpgradeCheck = 1420;
				TargetAttributes = {
					B5B12CE229DBF90400AB80E2 = {
						CreatedOnToolsVersion = 14.2;
					};
					B5B12CF329DBF90600AB80E2 = {
						CreatedOnToolsVersion = 14.2;
						TestTargetID = B5B12CE229DBF90400AB80E2;
					};
					B5B12CFD29DBF90600AB80E2 = {
						CreatedOnToolsVersion = 14.2;
						TestTargetID = B5B12CE229DBF90400AB80E2;
					};
				};
			};
			buildConfigurationList = B5B12CDE29DBF90400AB80E2 /* Build configuration list for PBXProject "CryptoMockDesignV1" */;
			compatibilityVersion = "Xcode 14.0";
			developmentRegion = en;
			hasScannedForEncodings = 0;
			knownRegions = (
				en,
				Base,
			);
			mainGroup = B5B12CDA29DBF90400AB80E2;
			productRefGroup = B5B12CE429DBF90400AB80E2 /* Products */;
			projectDirPath = "";
			projectRoot = "";
			targets = (
				B5B12CE229DBF90400AB80E2 /* CryptoMockDesignV1 */,
				B5B12CF329DBF90600AB80E2 /* CryptoMockDesignV1Tests */,
				B5B12CFD29DBF90600AB80E2 /* CryptoMockDesignV1UITests */,
			);
		};
/* End PBXProject section */

/* Begin PBXResourcesBuildPhase section */
		B5B12CE129DBF90400AB80E2 /* Resources */ = {
			isa = PBXResourcesBuildPhase;
			buildActionMask = 2147483647;
			files = (
				B5B12CEB29DBF90600AB80E2 /* Assets.xcassets in Resources */,
			);
			runOnlyForDeploymentPostprocessing = 0;
		};
		B5B12CF229DBF90600AB80E2 /* Resources */ = {
			isa = PBXResourcesBuildPhase;
			buildActionMask = 2147483647;
			files = (
			);
			runOnlyForDeploymentPostprocessing = 0;
		};
		B5B12CFC29DBF90600AB80E2 /* Resources */ = {
			isa = PBXResourcesBuildPhase;
			buildActionMask = 2147483647;
			files = (
			);
			runOnlyForDeploymentPostprocessing = 0;
		};
/* End PBXResourcesBuildPhase section */

/* Begin PBXSourcesBuildPhase section */
		B5B12CDF29DBF90400AB80E2 /* Sources */ = {
			isa = PBXSourcesBuildPhase;
			buildActionMask = 2147483647;
			files = (
				B5B12D1D29DC487B00AB80E2 /* ContentViewController.swift in Sources */,
				B5B12D1429DBFD5600AB80E2 /* HomeWindow.swift in Sources */,
				B5B12D1629DC08C300AB80E2 /* CustomToolBar.swift in Sources */,
				B5B12D1B29DC486400AB80E2 /* SideBarViewController.swift in Sources */,
				B5B12CE929DBF90400AB80E2 /* ViewController.swift in Sources */,
				B5B12CE729DBF90400AB80E2 /* AppDelegate.swift in Sources */,
				B5B12D1F29DC489B00AB80E2 /* RightSideBarViewController.swift in Sources */,
				B5B12D1229DBFD1400AB80E2 /* main.swift in Sources */,
				B5B12D2129DC544B00AB80E2 /* MainViewController.swift in Sources */,
			);
			runOnlyForDeploymentPostprocessing = 0;
		};
		B5B12CF029DBF90600AB80E2 /* Sources */ = {
			isa = PBXSourcesBuildPhase;
			buildActionMask = 2147483647;
			files = (
				B5B12CF929DBF90600AB80E2 /* CryptoMockDesignV1Tests.swift in Sources */,
			);
			runOnlyForDeploymentPostprocessing = 0;
		};
		B5B12CFA29DBF90600AB80E2 /* Sources */ = {
			isa = PBXSourcesBuildPhase;
			buildActionMask = 2147483647;
			files = (
				B5B12D0529DBF90600AB80E2 /* CryptoMockDesignV1UITestsLaunchTests.swift in Sources */,
				B5B12D0329DBF90600AB80E2 /* CryptoMockDesignV1UITests.swift in Sources */,
			);
			runOnlyForDeploymentPostprocessing = 0;
		};
/* End PBXSourcesBuildPhase section */

/* Begin PBXTargetDependency section */
		B5B12CF629DBF90600AB80E2 /* PBXTargetDependency */ = {
			isa = PBXTargetDependency;
			target = B5B12CE229DBF90400AB80E2 /* CryptoMockDesignV1 */;
			targetProxy = B5B12CF529DBF90600AB80E2 /* PBXContainerItemProxy */;
		};
		B5B12D0029DBF90600AB80E2 /* PBXTargetDependency */ = {
			isa = PBXTargetDependency;
			target = B5B12CE229DBF90400AB80E2 /* CryptoMockDesignV1 */;
			targetProxy = B5B12CFF29DBF90600AB80E2 /* PBXContainerItemProxy */;
		};
/* End PBXTargetDependency section */

/* Begin XCBuildConfiguration section */
		B5B12D0629DBF90600AB80E2 /* Debug */ = {
			isa = XCBuildConfiguration;
			buildSettings = {
				ALWAYS_SEARCH_USER_PATHS = NO;
				CLANG_ANALYZER_NONNULL = YES;
				CLANG_ANALYZER_NUMBER_OBJECT_CONVERSION = YES_AGGRESSIVE;
				CLANG_CXX_LANGUAGE_STANDARD = "gnu++20";
				CLANG_ENABLE_MODULES = YES;
				CLANG_ENABLE_OBJC_ARC = YES;
				CLANG_ENABLE_OBJC_WEAK = YES;
				CLANG_WARN_BLOCK_CAPTURE_AUTORELEASING = YES;
				CLANG_WARN_BOOL_CONVERSION = YES;
				CLANG_WARN_COMMA = YES;
				CLANG_WARN_CONSTANT_CONVERSION = YES;
				CLANG_WARN_DEPRECATED_OBJC_IMPLEMENTATIONS = YES;
				CLANG_WARN_DIRECT_OBJC_ISA_USAGE = YES_ERROR;
				CLANG_WARN_DOCUMENTATION_COMMENTS = YES;
				CLANG_WARN_EMPTY_BODY = YES;
				CLANG_WARN_ENUM_CONVERSION = YES;
				CLANG_WARN_INFINITE_RECURSION = YES;
				CLANG_WARN_INT_CONVERSION = YES;
				CLANG_WARN_NON_LITERAL_NULL_CONVERSION = YES;
				CLANG_WARN_OBJC_IMPLICIT_RETAIN_SELF = YES;
				CLANG_WARN_OBJC_LITERAL_CONVERSION = YES;
				CLANG_WARN_OBJC_ROOT_CLASS = YES_ERROR;
				CLANG_WARN_QUOTED_INCLUDE_IN_FRAMEWORK_HEADER = YES;
				CLANG_WARN_RANGE_LOOP_ANALYSIS = YES;
				CLANG_WARN_STRICT_PROTOTYPES = YES;
				CLANG_WARN_SUSPICIOUS_MOVE = YES;
				CLANG_WARN_UNGUARDED_AVAILABILITY = YES_AGGRESSIVE;
				CLANG_WARN_UNREACHABLE_CODE = YES;
				CLANG_WARN__DUPLICATE_METHOD_MATCH = YES;
				COPY_PHASE_STRIP = NO;
				DEBUG_INFORMATION_FORMAT = dwarf;
				ENABLE_STRICT_OBJC_MSGSEND = YES;
				ENABLE_TESTABILITY = YES;
				GCC_C_LANGUAGE_STANDARD = gnu11;
				GCC_DYNAMIC_NO_PIC = NO;
				GCC_NO_COMMON_BLOCKS = YES;
				GCC_OPTIMIZATION_LEVEL = 0;
				GCC_PREPROCESSOR_DEFINITIONS = (
					"DEBUG=1",
					"$(inherited)",
				);
				GCC_WARN_64_TO_32_BIT_CONVERSION = YES;
				GCC_WARN_ABOUT_RETURN_TYPE = YES_ERROR;
				GCC_WARN_UNDECLARED_SELECTOR = YES;
				GCC_WARN_UNINITIALIZED_AUTOS = YES_AGGRESSIVE;
				GCC_WARN_UNUSED_FUNCTION = YES;
				GCC_WARN_UNUSED_VARIABLE = YES;
				MACOSX_DEPLOYMENT_TARGET = 13.1;
				MTL_ENABLE_DEBUG_INFO = INCLUDE_SOURCE;
				MTL_FAST_MATH = YES;
				ONLY_ACTIVE_ARCH = YES;
				SDKROOT = macosx;
				SWIFT_ACTIVE_COMPILATION_CONDITIONS = DEBUG;
				SWIFT_OPTIMIZATION_LEVEL = "-Onone";
			};
			name = Debug;
		};
		B5B12D0729DBF90600AB80E2 /* Release */ = {
			isa = XCBuildConfiguration;
			buildSettings = {
				ALWAYS_SEARCH_USER_PATHS = NO;
				CLANG_ANALYZER_NONNULL = YES;
				CLANG_ANALYZER_NUMBER_OBJECT_CONVERSION = YES_AGGRESSIVE;
				CLANG_CXX_LANGUAGE_STANDARD = "gnu++20";
				CLANG_ENABLE_MODULES = YES;
				CLANG_ENABLE_OBJC_ARC = YES;
				CLANG_ENABLE_OBJC_WEAK = YES;
				CLANG_WARN_BLOCK_CAPTURE_AUTORELEASING = YES;
				CLANG_WARN_BOOL_CONVERSION = YES;
				CLANG_WARN_COMMA = YES;
				CLANG_WARN_CONSTANT_CONVERSION = YES;
				CLANG_WARN_DEPRECATED_OBJC_IMPLEMENTATIONS = YES;
				CLANG_WARN_DIRECT_OBJC_ISA_USAGE = YES_ERROR;
				CLANG_WARN_DOCUMENTATION_COMMENTS = YES;
				CLANG_WARN_EMPTY_BODY = YES;
				CLANG_WARN_ENUM_CONVERSION = YES;
				CLANG_WARN_INFINITE_RECURSION = YES;
				CLANG_WARN_INT_CONVERSION = YES;
				CLANG_WARN_NON_LITERAL_NULL_CONVERSION = YES;
				CLANG_WARN_OBJC_IMPLICIT_RETAIN_SELF = YES;
				CLANG_WARN_OBJC_LITERAL_CONVERSION = YES;
				CLANG_WARN_OBJC_ROOT_CLASS = YES_ERROR;
				CLANG_WARN_QUOTED_INCLUDE_IN_FRAMEWORK_HEADER = YES;
				CLANG_WARN_RANGE_LOOP_ANALYSIS = YES;
				CLANG_WARN_STRICT_PROTOTYPES = YES;
				CLANG_WARN_SUSPICIOUS_MOVE = YES;
				CLANG_WARN_UNGUARDED_AVAILABILITY = YES_AGGRESSIVE;
				CLANG_WARN_UNREACHABLE_CODE = YES;
				CLANG_WARN__DUPLICATE_METHOD_MATCH = YES;
				COPY_PHASE_STRIP = NO;
				DEBUG_INFORMATION_FORMAT = "dwarf-with-dsym";
				ENABLE_NS_ASSERTIONS = NO;
				ENABLE_STRICT_OBJC_MSGSEND = YES;
				GCC_C_LANGUAGE_STANDARD = gnu11;
				GCC_NO_COMMON_BLOCKS = YES;
				GCC_WARN_64_TO_32_BIT_CONVERSION = YES;
				GCC_WARN_ABOUT_RETURN_TYPE = YES_ERROR;
				GCC_WARN_UNDECLARED_SELECTOR = YES;
				GCC_WARN_UNINITIALIZED_AUTOS = YES_AGGRESSIVE;
				GCC_WARN_UNUSED_FUNCTION = YES;
				GCC_WARN_UNUSED_VARIABLE = YES;
				MACOSX_DEPLOYMENT_TARGET = 13.1;
				MTL_ENABLE_DEBUG_INFO = NO;
				MTL_FAST_MATH = YES;
				SDKROOT = macosx;
				SWIFT_COMPILATION_MODE = wholemodule;
				SWIFT_OPTIMIZATION_LEVEL = "-O";
			};
			name = Release;
		};
		B5B12D0929DBF90600AB80E2 /* Debug */ = {
			isa = XCBuildConfiguration;
			buildSettings = {
				ASSETCATALOG_COMPILER_APPICON_NAME = AppIcon;
				ASSETCATALOG_COMPILER_GLOBAL_ACCENT_COLOR_NAME = AccentColor;
				CODE_SIGN_ENTITLEMENTS = CryptoMockDesignV1/CryptoMockDesignV1.entitlements;
				CODE_SIGN_STYLE = Automatic;
				COMBINE_HIDPI_IMAGES = YES;
				CURRENT_PROJECT_VERSION = 1;
				GENERATE_INFOPLIST_FILE = YES;
				INFOPLIST_KEY_NSHumanReadableCopyright = "";
				INFOPLIST_KEY_NSPrincipalClass = NSApplication;
				LD_RUNPATH_SEARCH_PATHS = (
					"$(inherited)",
					"@executable_path/../Frameworks",
				);
				MARKETING_VERSION = 1.0;
				PRODUCT_BUNDLE_IDENTIFIER = com.niks.CryptoMockDesignV1;
				PRODUCT_NAME = "$(TARGET_NAME)";
				SWIFT_EMIT_LOC_STRINGS = YES;
				SWIFT_VERSION = 5.0;
			};
			name = Debug;
		};
		B5B12D0A29DBF90600AB80E2 /* Release */ = {
			isa = XCBuildConfiguration;
			buildSettings = {
				ASSETCATALOG_COMPILER_APPICON_NAME = AppIcon;
				ASSETCATALOG_COMPILER_GLOBAL_ACCENT_COLOR_NAME = AccentColor;
				CODE_SIGN_ENTITLEMENTS = CryptoMockDesignV1/CryptoMockDesignV1.entitlements;
				CODE_SIGN_STYLE = Automatic;
				COMBINE_HIDPI_IMAGES = YES;
				CURRENT_PROJECT_VERSION = 1;
				GENERATE_INFOPLIST_FILE = YES;
				INFOPLIST_KEY_NSHumanReadableCopyright = "";
				INFOPLIST_KEY_NSPrincipalClass = NSApplication;
				LD_RUNPATH_SEARCH_PATHS = (
					"$(inherited)",
					"@executable_path/../Frameworks",
				);
				MARKETING_VERSION = 1.0;
				PRODUCT_BUNDLE_IDENTIFIER = com.niks.CryptoMockDesignV1;
				PRODUCT_NAME = "$(TARGET_NAME)";
				SWIFT_EMIT_LOC_STRINGS = YES;
				SWIFT_VERSION = 5.0;
			};
			name = Release;
		};
		B5B12D0C29DBF90600AB80E2 /* Debug */ = {
			isa = XCBuildConfiguration;
			buildSettings = {
				ALWAYS_EMBED_SWIFT_STANDARD_LIBRARIES = YES;
				BUNDLE_LOADER = "$(TEST_HOST)";
				CODE_SIGN_STYLE = Automatic;
				CURRENT_PROJECT_VERSION = 1;
				GENERATE_INFOPLIST_FILE = YES;
				MACOSX_DEPLOYMENT_TARGET = 13.1;
				MARKETING_VERSION = 1.0;
				PRODUCT_BUNDLE_IDENTIFIER = com.niks.CryptoMockDesignV1Tests;
				PRODUCT_NAME = "$(TARGET_NAME)";
				SWIFT_EMIT_LOC_STRINGS = NO;
				SWIFT_VERSION = 5.0;
				TEST_HOST = "$(BUILT_PRODUCTS_DIR)/CryptoMockDesignV1.app/$(BUNDLE_EXECUTABLE_FOLDER_PATH)/CryptoMockDesignV1";
			};
			name = Debug;
		};
		B5B12D0D29DBF90600AB80E2 /* Release */ = {
			isa = XCBuildConfiguration;
			buildSettings = {
				ALWAYS_EMBED_SWIFT_STANDARD_LIBRARIES = YES;
				BUNDLE_LOADER = "$(TEST_HOST)";
				CODE_SIGN_STYLE = Automatic;
				CURRENT_PROJECT_VERSION = 1;
				GENERATE_INFOPLIST_FILE = YES;
				MACOSX_DEPLOYMENT_TARGET = 13.1;
				MARKETING_VERSION = 1.0;
				PRODUCT_BUNDLE_IDENTIFIER = com.niks.CryptoMockDesignV1Tests;
				PRODUCT_NAME = "$(TARGET_NAME)";
				SWIFT_EMIT_LOC_STRINGS = NO;
				SWIFT_VERSION = 5.0;
				TEST_HOST = "$(BUILT_PRODUCTS_DIR)/CryptoMockDesignV1.app/$(BUNDLE_EXECUTABLE_FOLDER_PATH)/CryptoMockDesignV1";
			};
			name = Release;
		};
		B5B12D0F29DBF90600AB80E2 /* Debug */ = {
			isa = XCBuildConfiguration;
			buildSettings = {
				ALWAYS_EMBED_SWIFT_STANDARD_LIBRARIES = YES;
				CODE_SIGN_STYLE = Automatic;
				CURRENT_PROJECT_VERSION = 1;
				GENERATE_INFOPLIST_FILE = YES;
				MARKETING_VERSION = 1.0;
				PRODUCT_BUNDLE_IDENTIFIER = com.niks.CryptoMockDesignV1UITests;
				PRODUCT_NAME = "$(TARGET_NAME)";
				SWIFT_EMIT_LOC_STRINGS = NO;
				SWIFT_VERSION = 5.0;
				TEST_TARGET_NAME = CryptoMockDesignV1;
			};
			name = Debug;
		};
		B5B12D1029DBF90600AB80E2 /* Release */ = {
			isa = XCBuildConfiguration;
			buildSettings = {
				ALWAYS_EMBED_SWIFT_STANDARD_LIBRARIES = YES;
				CODE_SIGN_STYLE = Automatic;
				CURRENT_PROJECT_VERSION = 1;
				GENERATE_INFOPLIST_FILE = YES;
				MARKETING_VERSION = 1.0;
				PRODUCT_BUNDLE_IDENTIFIER = com.niks.CryptoMockDesignV1UITests;
				PRODUCT_NAME = "$(TARGET_NAME)";
				SWIFT_EMIT_LOC_STRINGS = NO;
				SWIFT_VERSION = 5.0;
				TEST_TARGET_NAME = CryptoMockDesignV1;
			};
			name = Release;
		};
/* End XCBuildConfiguration section */

/* Begin XCConfigurationList section */
		B5B12CDE29DBF90400AB80E2 /* Build configuration list for PBXProject "CryptoMockDesignV1" */ = {
			isa = XCConfigurationList;
			buildConfigurations = (
				B5B12D0629DBF90600AB80E2 /* Debug */,
				B5B12D0729DBF90600AB80E2 /* Release */,
			);
			defaultConfigurationIsVisible = 0;
			defaultConfigurationName = Release;
		};
		B5B12D0829DBF90600AB80E2 /* Build configuration list for PBXNativeTarget "CryptoMockDesignV1" */ = {
			isa = XCConfigurationList;
			buildConfigurations = (
				B5B12D0929DBF90600AB80E2 /* Debug */,
				B5B12D0A29DBF90600AB80E2 /* Release */,
			);
			defaultConfigurationIsVisible = 0;
			defaultConfigurationName = Release;
		};
		B5B12D0B29DBF90600AB80E2 /* Build configuration list for PBXNativeTarget "CryptoMockDesignV1Tests" */ = {
			isa = XCConfigurationList;
			buildConfigurations = (
				B5B12D0C29DBF90600AB80E2 /* Debug */,
				B5B12D0D29DBF90600AB80E2 /* Release */,
			);
			defaultConfigurationIsVisible = 0;
			defaultConfigurationName = Release;
		};
		B5B12D0E29DBF90600AB80E2 /* Build configuration list for PBXNativeTarget "CryptoMockDesignV1UITests" */ = {
			isa = XCConfigurationList;
			buildConfigurations = (
				B5B12D0F29DBF90600AB80E2 /* Debug */,
				B5B12D1029DBF90600AB80E2 /* Release */,
			);
			defaultConfigurationIsVisible = 0;
			defaultConfigurationName = Release;
		};
/* End XCConfigurationList section */
	};
	rootObject = B5B12CDB29DBF90400AB80E2 /* Project object */;
}
